# This file is automatically @generated by Cargo.
# It is not intended for manual editing.
[[package]]
name = "base64"
version = "0.13.0"
source = "registry+https://github.com/rust-lang/crates.io-index"
checksum = "904dfeac50f3cdaba28fc6f57fdcddb75f49ed61346676a78c4ffe55877802fd"

[[package]]
name = "cosmwasm-derive"
version = "0.13.2"
source = "registry+https://github.com/rust-lang/crates.io-index"
checksum = "de70197a0fe4e402aa260da00ec62d9bf091afe87866e9f3347691d591b60f89"
dependencies = [
 "syn",
]

[[package]]
name = "cosmwasm-schema"
version = "0.13.2"
source = "registry+https://github.com/rust-lang/crates.io-index"
checksum = "a98b56c1c839e5cfda1be0e0f152728b34bdcd5a2e921905947f6d088bab2c68"
dependencies = [
 "schemars",
 "serde_json",
]

[[package]]
name = "cosmwasm-std"
version = "0.13.2"
source = "registry+https://github.com/rust-lang/crates.io-index"
checksum = "02173c4eb78ef76863f5190f60a45278d11e7c8b142327c149e18128b2b97f85"
dependencies = [
 "base64",
 "cosmwasm-derive",
 "schemars",
 "serde",
 "serde-json-wasm",
 "thiserror",
]

[[package]]
name = "cosmwasm-storage"
version = "0.13.2"
source = "registry+https://github.com/rust-lang/crates.io-index"
checksum = "e2cdb5f6c3181c921c02b0018af66178e60bc7be088f81ec730b22ff51240404"
dependencies = [
 "cosmwasm-std",
 "serde",
]

[[package]]
name = "gamm"
version = "0.1.0"
dependencies = [
 "cosmwasm-schema",
 "cosmwasm-std",
 "cosmwasm-storage",
 "schemars",
 "serde",
 "thiserror",
]

[[package]]
name = "itoa"
version = "0.4.7"
source = "registry+https://github.com/rust-lang/crates.io-index"
checksum = "dd25036021b0de88a0aff6b850051563c6516d0bf53f8638938edbb9de732736"

[[package]]
name = "proc-macro2"
version = "1.0.26"
source = "registry+https://github.com/rust-lang/crates.io-index"
checksum = "a152013215dca273577e18d2bf00fa862b89b24169fb78c4c95aeb07992c9cec"
dependencies = [
 "unicode-xid",
]

[[package]]
name = "quote"
version = "1.0.9"
source = "registry+https://github.com/rust-lang/crates.io-index"
checksum = "c3d0b9745dc2debf507c8422de05d7226cc1f0644216dfdfead988f9b1ab32a7"
dependencies = [
 "proc-macro2",
]

[[package]]
name = "ryu"
version = "1.0.5"
source = "registry+https://github.com/rust-lang/crates.io-index"
checksum = "71d301d4193d031abdd79ff7e3dd721168a9572ef3fe51a1517aba235bd8f86e"

[[package]]
name = "schemars"
version = "0.7.6"
source = "registry+https://github.com/rust-lang/crates.io-index"
checksum = "be77ed66abed6954aabf6a3e31a84706bedbf93750d267e92ef4a6d90bbd6a61"
dependencies = [
 "schemars_derive",
 "serde",
 "serde_json",
]

[[package]]
name = "schemars_derive"
version = "0.7.6"
source = "registry+https://github.com/rust-lang/crates.io-index"
checksum = "11af7a475c9ee266cfaa9e303a47c830ebe072bf3101ab907a7b7b9d816fa01d"
dependencies = [
 "proc-macro2",
 "quote",
 "serde_derive_internals",
 "syn",
]

[[package]]
name = "serde"
version = "1.0.125"
source = "registry+https://github.com/rust-lang/crates.io-index"
checksum = "558dc50e1a5a5fa7112ca2ce4effcb321b0300c0d4ccf0776a9f60cd89031171"
dependencies = [
 "serde_derive",
]

[[package]]
name = "serde-json-wasm"
version = "0.2.3"
source = "registry+https://github.com/rust-lang/crates.io-index"
checksum = "120bad73306616e91acd7ceed522ba96032a51cffeef3cc813de7f367df71e37"
dependencies = [
 "serde",
]

[[package]]
name = "serde_derive"
version = "1.0.125"
source = "registry+https://github.com/rust-lang/crates.io-index"
checksum = "b093b7a2bb58203b5da3056c05b4ec1fed827dcfdb37347a8841695263b3d06d"
dependencies = [
 "proc-macro2",
 "quote",
 "syn",
]

[[package]]
name = "serde_derive_internals"
version = "0.25.0"
source = "registry+https://github.com/rust-lang/crates.io-index"
checksum = "1dbab34ca63057a1f15280bdf3c39f2b1eb1b54c17e98360e511637aef7418c6"
dependencies = [
 "proc-macro2",
 "quote",
 "syn",
]

[[package]]
name = "serde_json"
version = "1.0.64"
source = "registry+https://github.com/rust-lang/crates.io-index"
checksum = "799e97dc9fdae36a5c8b8f2cae9ce2ee9fdce2058c57a93e6099d919fd982f79"
dependencies = [
 "itoa",
 "ryu",
 "serde",
]

[[package]]
name = "syn"
version = "1.0.69"
source = "registry+https://github.com/rust-lang/crates.io-index"
checksum = "48fe99c6bd8b1cc636890bcc071842de909d902c81ac7dab53ba33c421ab8ffb"
dependencies = [
 "proc-macro2",
 "quote",
 "unicode-xid",
]

[[package]]
name = "thiserror"
version = "1.0.24"
source = "registry+https://github.com/rust-lang/crates.io-index"
checksum = "e0f4a65597094d4483ddaed134f409b2cb7c1beccf25201a9f73c719254fa98e"
dependencies = [
 "thiserror-impl",
]

[[package]]
name = "thiserror-impl"
version = "1.0.24"
source = "registry+https://github.com/rust-lang/crates.io-index"
checksum = "7765189610d8241a44529806d6fd1f2e0a08734313a35d5b3a556f92b381f3c0"
dependencies = [
 "proc-macro2",
 "quote",
 "syn",
]

[[package]]
name = "unicode-xid"
version = "0.2.1"
source = "registry+https://github.com/rust-lang/crates.io-index"
checksum = "f7fe0bb3479651439c9112f72b6c505038574c9fbb575ed1bf3b797fa39dd564"
